// !$*UTF8*$!
{
	archiveVersion = 1;
	classes = {
	};
	objectVersion = 55;
	objects = {

/* Begin PBXBuildFile section */
		5C551B61292B404100202A4D /* AppDelegate.swift in Sources */ = {isa = PBXBuildFile; fileRef = 5C551B60292B404100202A4D /* AppDelegate.swift */; };
		5C551B63292B404100202A4D /* SceneDelegate.swift in Sources */ = {isa = PBXBuildFile; fileRef = 5C551B62292B404100202A4D /* SceneDelegate.swift */; };
		5C551B65292B404100202A4D /* WatchListVC.swift in Sources */ = {isa = PBXBuildFile; fileRef = 5C551B64292B404100202A4D /* WatchListVC.swift */; };
		5C551B6A292B404300202A4D /* Assets.xcassets in Resources */ = {isa = PBXBuildFile; fileRef = 5C551B69292B404300202A4D /* Assets.xcassets */; };
		5C551B6D292B404300202A4D /* LaunchScreen.storyboard in Resources */ = {isa = PBXBuildFile; fileRef = 5C551B6B292B404300202A4D /* LaunchScreen.storyboard */; };
		5C551B7A292B4D3F00202A4D /* TopStoriesVC.swift in Sources */ = {isa = PBXBuildFile; fileRef = 5C551B79292B4D3F00202A4D /* TopStoriesVC.swift */; };
		5C551B7C292B4D5B00202A4D /* SearchResultsVC.swift in Sources */ = {isa = PBXBuildFile; fileRef = 5C551B7B292B4D5B00202A4D /* SearchResultsVC.swift */; };
		5C551B7E292B4D9B00202A4D /* StockDetailsVC.swift in Sources */ = {isa = PBXBuildFile; fileRef = 5C551B7D292B4D9B00202A4D /* StockDetailsVC.swift */; };
		5C551B80292B4FC000202A4D /* APICaller.swift in Sources */ = {isa = PBXBuildFile; fileRef = 5C551B7F292B4FC000202A4D /* APICaller.swift */; };
		5C551B82292B4FCD00202A4D /* PersistenceManager.swift in Sources */ = {isa = PBXBuildFile; fileRef = 5C551B81292B4FCD00202A4D /* PersistenceManager.swift */; };
		5C551B84292B4FD700202A4D /* HapticsManager.swift in Sources */ = {isa = PBXBuildFile; fileRef = 5C551B83292B4FD700202A4D /* HapticsManager.swift */; };
		5C551B86292B6FED00202A4D /* extensions.swift in Sources */ = {isa = PBXBuildFile; fileRef = 5C551B85292B6FED00202A4D /* extensions.swift */; };
		5C551B88292B756F00202A4D /* SearchResultTableViewCell.swift in Sources */ = {isa = PBXBuildFile; fileRef = 5C551B87292B756F00202A4D /* SearchResultTableViewCell.swift */; };
		5C551B8A292CBD7A00202A4D /* SearchResponse.swift in Sources */ = {isa = PBXBuildFile; fileRef = 5C551B89292CBD7900202A4D /* SearchResponse.swift */; };
		5CBF2EA6292DD9FE00F111AA /* NewsHeaderView.swift in Sources */ = {isa = PBXBuildFile; fileRef = 5CBF2EA5292DD9FE00F111AA /* NewsHeaderView.swift */; };
		5CBF2EA8292E68BB00F111AA /* NewsStory.swift in Sources */ = {isa = PBXBuildFile; fileRef = 5CBF2EA7292E68BB00F111AA /* NewsStory.swift */; };
		5F7AE805D3C7A6B6D75C1F41 /* Pods_StocksAppReplica.framework in Frameworks */ = {isa = PBXBuildFile; fileRef = DBC2DA401BCC5B5C223E4D35 /* Pods_StocksAppReplica.framework */; };
/* End PBXBuildFile section */

/* Begin PBXFileReference section */
		2813DAEA30676706732EF822 /* Pods-StocksAppReplica.debug.xcconfig */ = {isa = PBXFileReference; includeInIndex = 1; lastKnownFileType = text.xcconfig; name = "Pods-StocksAppReplica.debug.xcconfig"; path = "Target Support Files/Pods-StocksAppReplica/Pods-StocksAppReplica.debug.xcconfig"; sourceTree = "<group>"; };
		5C551B5D292B404100202A4D /* StocksAppReplica.app */ = {isa = PBXFileReference; explicitFileType = wrapper.application; includeInIndex = 0; path = StocksAppReplica.app; sourceTree = BUILT_PRODUCTS_DIR; };
		5C551B60292B404100202A4D /* AppDelegate.swift */ = {isa = PBXFileReference; lastKnownFileType = sourcecode.swift; path = AppDelegate.swift; sourceTree = "<group>"; };
		5C551B62292B404100202A4D /* SceneDelegate.swift */ = {isa = PBXFileReference; lastKnownFileType = sourcecode.swift; path = SceneDelegate.swift; sourceTree = "<group>"; };
		5C551B64292B404100202A4D /* WatchListVC.swift */ = {isa = PBXFileReference; lastKnownFileType = sourcecode.swift; path = WatchListVC.swift; sourceTree = "<group>"; };
		5C551B69292B404300202A4D /* Assets.xcassets */ = {isa = PBXFileReference; lastKnownFileType = folder.assetcatalog; path = Assets.xcassets; sourceTree = "<group>"; };
		5C551B6C292B404300202A4D /* Base */ = {isa = PBXFileReference; lastKnownFileType = file.storyboard; name = Base; path = Base.lproj/LaunchScreen.storyboard; sourceTree = "<group>"; };
		5C551B6E292B404300202A4D /* Info.plist */ = {isa = PBXFileReference; lastKnownFileType = text.plist.xml; path = Info.plist; sourceTree = "<group>"; };
		5C551B79292B4D3F00202A4D /* TopStoriesVC.swift */ = {isa = PBXFileReference; lastKnownFileType = sourcecode.swift; path = TopStoriesVC.swift; sourceTree = "<group>"; };
		5C551B7B292B4D5B00202A4D /* SearchResultsVC.swift */ = {isa = PBXFileReference; lastKnownFileType = sourcecode.swift; path = SearchResultsVC.swift; sourceTree = "<group>"; };
		5C551B7D292B4D9B00202A4D /* StockDetailsVC.swift */ = {isa = PBXFileReference; lastKnownFileType = sourcecode.swift; path = StockDetailsVC.swift; sourceTree = "<group>"; };
		5C551B7F292B4FC000202A4D /* APICaller.swift */ = {isa = PBXFileReference; lastKnownFileType = sourcecode.swift; path = APICaller.swift; sourceTree = "<group>"; };
		5C551B81292B4FCD00202A4D /* PersistenceManager.swift */ = {isa = PBXFileReference; lastKnownFileType = sourcecode.swift; path = PersistenceManager.swift; sourceTree = "<group>"; };
		5C551B83292B4FD700202A4D /* HapticsManager.swift */ = {isa = PBXFileReference; lastKnownFileType = sourcecode.swift; path = HapticsManager.swift; sourceTree = "<group>"; };
		5C551B85292B6FED00202A4D /* extensions.swift */ = {isa = PBXFileReference; lastKnownFileType = sourcecode.swift; path = extensions.swift; sourceTree = "<group>"; };
		5C551B87292B756F00202A4D /* SearchResultTableViewCell.swift */ = {isa = PBXFileReference; lastKnownFileType = sourcecode.swift; path = SearchResultTableViewCell.swift; sourceTree = "<group>"; };
		5C551B89292CBD7900202A4D /* SearchResponse.swift */ = {isa = PBXFileReference; lastKnownFileType = sourcecode.swift; path = SearchResponse.swift; sourceTree = "<group>"; };
		5CBF2EA5292DD9FE00F111AA /* NewsHeaderView.swift */ = {isa = PBXFileReference; lastKnownFileType = sourcecode.swift; path = NewsHeaderView.swift; sourceTree = "<group>"; };
		5CBF2EA7292E68BB00F111AA /* NewsStory.swift */ = {isa = PBXFileReference; lastKnownFileType = sourcecode.swift; path = NewsStory.swift; sourceTree = "<group>"; };
		5F38A688181BC9BF8B648DCF /* Pods-StocksAppReplica.release.xcconfig */ = {isa = PBXFileReference; includeInIndex = 1; lastKnownFileType = text.xcconfig; name = "Pods-StocksAppReplica.release.xcconfig"; path = "Target Support Files/Pods-StocksAppReplica/Pods-StocksAppReplica.release.xcconfig"; sourceTree = "<group>"; };
		DBC2DA401BCC5B5C223E4D35 /* Pods_StocksAppReplica.framework */ = {isa = PBXFileReference; explicitFileType = wrapper.framework; includeInIndex = 0; path = Pods_StocksAppReplica.framework; sourceTree = BUILT_PRODUCTS_DIR; };
/* End PBXFileReference section */

/* Begin PBXFrameworksBuildPhase section */
		5C551B5A292B404100202A4D /* Frameworks */ = {
			isa = PBXFrameworksBuildPhase;
			buildActionMask = 2147483647;
			files = (
				5F7AE805D3C7A6B6D75C1F41 /* Pods_StocksAppReplica.framework in Frameworks */,
			);
			runOnlyForDeploymentPostprocessing = 0;
		};
/* End PBXFrameworksBuildPhase section */

/* Begin PBXGroup section */
		0DE32D2FA6A33686EF342E5F /* Frameworks */ = {
			isa = PBXGroup;
			children = (
				DBC2DA401BCC5B5C223E4D35 /* Pods_StocksAppReplica.framework */,
			);
			name = Frameworks;
			sourceTree = "<group>";
		};
		5C551B54292B404000202A4D = {
			isa = PBXGroup;
			children = (
				5C551B5F292B404100202A4D /* StocksAppReplica */,
				5C551B5E292B404100202A4D /* Products */,
				782D5A36B83803456A58F124 /* Pods */,
				0DE32D2FA6A33686EF342E5F /* Frameworks */,
			);
			sourceTree = "<group>";
		};
		5C551B5E292B404100202A4D /* Products */ = {
			isa = PBXGroup;
			children = (
				5C551B5D292B404100202A4D /* StocksAppReplica.app */,
			);
			name = Products;
			sourceTree = "<group>";
		};
		5C551B5F292B404100202A4D /* StocksAppReplica */ = {
			isa = PBXGroup;
			children = (
				5C551B78292B4ADD00202A4D /* Other */,
				5C551B77292B4AB700202A4D /* Controllers */,
				5C551B76292B4AA800202A4D /* Views */,
				5C551B75292B4A9C00202A4D /* Models */,
				5C551B74292B4A8E00202A4D /* Managers */,
				5C551B6E292B404300202A4D /* Info.plist */,
			);
			path = StocksAppReplica;
			sourceTree = "<group>";
		};
		5C551B74292B4A8E00202A4D /* Managers */ = {
			isa = PBXGroup;
			children = (
				5C551B7F292B4FC000202A4D /* APICaller.swift */,
				5C551B81292B4FCD00202A4D /* PersistenceManager.swift */,
				5C551B83292B4FD700202A4D /* HapticsManager.swift */,
			);
			path = Managers;
			sourceTree = "<group>";
		};
		5C551B75292B4A9C00202A4D /* Models */ = {
			isa = PBXGroup;
			children = (
				5C551B89292CBD7900202A4D /* SearchResponse.swift */,
				5CBF2EA7292E68BB00F111AA /* NewsStory.swift */,
			);
			path = Models;
			sourceTree = "<group>";
		};
		5C551B76292B4AA800202A4D /* Views */ = {
			isa = PBXGroup;
			children = (
				5C551B6B292B404300202A4D /* LaunchScreen.storyboard */,
				5C551B87292B756F00202A4D /* SearchResultTableViewCell.swift */,
				5CBF2EA5292DD9FE00F111AA /* NewsHeaderView.swift */,
			);
			path = Views;
			sourceTree = "<group>";
		};
		5C551B77292B4AB700202A4D /* Controllers */ = {
			isa = PBXGroup;
			children = (
				5C551B64292B404100202A4D /* WatchListVC.swift */,
				5C551B79292B4D3F00202A4D /* TopStoriesVC.swift */,
				5C551B7B292B4D5B00202A4D /* SearchResultsVC.swift */,
				5C551B7D292B4D9B00202A4D /* StockDetailsVC.swift */,
			);
			path = Controllers;
			sourceTree = "<group>";
		};
		5C551B78292B4ADD00202A4D /* Other */ = {
			isa = PBXGroup;
			children = (
				5C551B60292B404100202A4D /* AppDelegate.swift */,
				5C551B62292B404100202A4D /* SceneDelegate.swift */,
				5C551B69292B404300202A4D /* Assets.xcassets */,
				5C551B85292B6FED00202A4D /* extensions.swift */,
			);
			path = Other;
			sourceTree = "<group>";
		};
		782D5A36B83803456A58F124 /* Pods */ = {
			isa = PBXGroup;
			children = (
				2813DAEA30676706732EF822 /* Pods-StocksAppReplica.debug.xcconfig */,
				5F38A688181BC9BF8B648DCF /* Pods-StocksAppReplica.release.xcconfig */,
			);
			path = Pods;
			sourceTree = "<group>";
		};
/* End PBXGroup section */

/* Begin PBXNativeTarget section */
		5C551B5C292B404100202A4D /* StocksAppReplica */ = {
			isa = PBXNativeTarget;
			buildConfigurationList = 5C551B71292B404300202A4D /* Build configuration list for PBXNativeTarget "StocksAppReplica" */;
			buildPhases = (
				1A73EA7F832DB603D62B0554 /* [CP] Check Pods Manifest.lock */,
				5C551B59292B404100202A4D /* Sources */,
				5C551B5A292B404100202A4D /* Frameworks */,
				5C551B5B292B404100202A4D /* Resources */,
				6F4B4C29BD4A5E80584F6424 /* [CP] Embed Pods Frameworks */,
			);
			buildRules = (
			);
			dependencies = (
			);
			name = StocksAppReplica;
			productName = StocksAppReplica;
			productReference = 5C551B5D292B404100202A4D /* StocksAppReplica.app */;
			productType = "com.apple.product-type.application";
		};
/* End PBXNativeTarget section */

/* Begin PBXProject section */
		5C551B55292B404000202A4D /* Project object */ = {
			isa = PBXProject;
			attributes = {
				BuildIndependentTargetsInParallel = 1;
				LastSwiftUpdateCheck = 1410;
				LastUpgradeCheck = 1410;
				TargetAttributes = {
					5C551B5C292B404100202A4D = {
						CreatedOnToolsVersion = 14.1;
					};
				};
			};
			buildConfigurationList = 5C551B58292B404000202A4D /* Build configuration list for PBXProject "StocksAppReplica" */;
			compatibilityVersion = "Xcode 13.0";
			developmentRegion = en;
			hasScannedForEncodings = 0;
			knownRegions = (
				en,
				Base,
			);
			mainGroup = 5C551B54292B404000202A4D;
			productRefGroup = 5C551B5E292B404100202A4D /* Products */;
			projectDirPath = "";
			projectRoot = "";
			targets = (
				5C551B5C292B404100202A4D /* StocksAppReplica */,
			);
		};
/* End PBXProject section */

/* Begin PBXResourcesBuildPhase section */
		5C551B5B292B404100202A4D /* Resources */ = {
			isa = PBXResourcesBuildPhase;
			buildActionMask = 2147483647;
			files = (
				5C551B6D292B404300202A4D /* LaunchScreen.storyboard in Resources */,
				5C551B6A292B404300202A4D /* Assets.xcassets in Resources */,
			);
			runOnlyForDeploymentPostprocessing = 0;
		};
/* End PBXResourcesBuildPhase section */

/* Begin PBXShellScriptBuildPhase section */
		1A73EA7F832DB603D62B0554 /* [CP] Check Pods Manifest.lock */ = {
			isa = PBXShellScriptBuildPhase;
			buildActionMask = 2147483647;
			files = (
			);
			inputFileListPaths = (
			);
			inputPaths = (
				"${PODS_PODFILE_DIR_PATH}/Podfile.lock",
				"${PODS_ROOT}/Manifest.lock",
			);
			name = "[CP] Check Pods Manifest.lock";
			outputFileListPaths = (
			);
			outputPaths = (
				"$(DERIVED_FILE_DIR)/Pods-StocksAppReplica-checkManifestLockResult.txt",
			);
			runOnlyForDeploymentPostprocessing = 0;
			shellPath = /bin/sh;
			shellScript = "diff \"${PODS_PODFILE_DIR_PATH}/Podfile.lock\" \"${PODS_ROOT}/Manifest.lock\" > /dev/null\nif [ $? != 0 ] ; then\n    # print error to STDERR\n    echo \"error: The sandbox is not in sync with the Podfile.lock. Run 'pod install' or update your CocoaPods installation.\" >&2\n    exit 1\nfi\n# This output is used by Xcode 'outputs' to avoid re-running this script phase.\necho \"SUCCESS\" > \"${SCRIPT_OUTPUT_FILE_0}\"\n";
			showEnvVarsInLog = 0;
		};
		6F4B4C29BD4A5E80584F6424 /* [CP] Embed Pods Frameworks */ = {
			isa = PBXShellScriptBuildPhase;
			buildActionMask = 2147483647;
			files = (
			);
			inputFileListPaths = (
				"${PODS_ROOT}/Target Support Files/Pods-StocksAppReplica/Pods-StocksAppReplica-frameworks-${CONFIGURATION}-input-files.xcfilelist",
			);
			name = "[CP] Embed Pods Frameworks";
			outputFileListPaths = (
				"${PODS_ROOT}/Target Support Files/Pods-StocksAppReplica/Pods-StocksAppReplica-frameworks-${CONFIGURATION}-output-files.xcfilelist",
			);
			runOnlyForDeploymentPostprocessing = 0;
			shellPath = /bin/sh;
			shellScript = "\"${PODS_ROOT}/Target Support Files/Pods-StocksAppReplica/Pods-StocksAppReplica-frameworks.sh\"\n";
			showEnvVarsInLog = 0;
		};
/* End PBXShellScriptBuildPhase section */

/* Begin PBXSourcesBuildPhase section */
		5C551B59292B404100202A4D /* Sources */ = {
			isa = PBXSourcesBuildPhase;
			buildActionMask = 2147483647;
			files = (
				5C551B84292B4FD700202A4D /* HapticsManager.swift in Sources */,
				5C551B88292B756F00202A4D /* SearchResultTableViewCell.swift in Sources */,
				5C551B7E292B4D9B00202A4D /* StockDetailsVC.swift in Sources */,
				5C551B65292B404100202A4D /* WatchListVC.swift in Sources */,
				5C551B61292B404100202A4D /* AppDelegate.swift in Sources */,
				5C551B82292B4FCD00202A4D /* PersistenceManager.swift in Sources */,
				5CBF2EA8292E68BB00F111AA /* NewsStory.swift in Sources */,
				5C551B86292B6FED00202A4D /* extensions.swift in Sources */,
				5C551B80292B4FC000202A4D /* APICaller.swift in Sources */,
				5C551B8A292CBD7A00202A4D /* SearchResponse.swift in Sources */,
				5CBF2EA6292DD9FE00F111AA /* NewsHeaderView.swift in Sources */,
				5C551B7C292B4D5B00202A4D /* SearchResultsVC.swift in Sources */,
				5C551B7A292B4D3F00202A4D /* TopStoriesVC.swift in Sources */,
				5C551B63292B404100202A4D /* SceneDelegate.swift in Sources */,
			);
			runOnlyForDeploymentPostprocessing = 0;
		};
/* End PBXSourcesBuildPhase section */

/* Begin PBXVariantGroup section */
		5C551B6B292B404300202A4D /* LaunchScreen.storyboard */ = {
			isa = PBXVariantGroup;
			children = (
				5C551B6C292B404300202A4D /* Base */,
			);
			name = LaunchScreen.storyboard;
			sourceTree = "<group>";
		};
/* End PBXVariantGroup section */

/* Begin XCBuildConfiguration section */
		5C551B6F292B404300202A4D /* Debug */ = {
			isa = XCBuildConfiguration;
			buildSettings = {
				ALWAYS_SEARCH_USER_PATHS = NO;
				CLANG_ANALYZER_NONNULL = YES;
				CLANG_ANALYZER_NUMBER_OBJECT_CONVERSION = YES_AGGRESSIVE;
				CLANG_CXX_LANGUAGE_STANDARD = "gnu++20";
				CLANG_ENABLE_MODULES = YES;
				CLANG_ENABLE_OBJC_ARC = YES;
				CLANG_ENABLE_OBJC_WEAK = YES;
				CLANG_WARN_BLOCK_CAPTURE_AUTORELEASING = YES;
				CLANG_WARN_BOOL_CONVERSION = YES;
				CLANG_WARN_COMMA = YES;
				CLANG_WARN_CONSTANT_CONVERSION = YES;
				CLANG_WARN_DEPRECATED_OBJC_IMPLEMENTATIONS = YES;
				CLANG_WARN_DIRECT_OBJC_ISA_USAGE = YES_ERROR;
				CLANG_WARN_DOCUMENTATION_COMMENTS = YES;
				CLANG_WARN_EMPTY_BODY = YES;
				CLANG_WARN_ENUM_CONVERSION = YES;
				CLANG_WARN_INFINITE_RECURSION = YES;
				CLANG_WARN_INT_CONVERSION = YES;
				CLANG_WARN_NON_LITERAL_NULL_CONVERSION = YES;
				CLANG_WARN_OBJC_IMPLICIT_RETAIN_SELF = YES;
				CLANG_WARN_OBJC_LITERAL_CONVERSION = YES;
				CLANG_WARN_OBJC_ROOT_CLASS = YES_ERROR;
				CLANG_WARN_QUOTED_INCLUDE_IN_FRAMEWORK_HEADER = YES;
				CLANG_WARN_RANGE_LOOP_ANALYSIS = YES;
				CLANG_WARN_STRICT_PROTOTYPES = YES;
				CLANG_WARN_SUSPICIOUS_MOVE = YES;
				CLANG_WARN_UNGUARDED_AVAILABILITY = YES_AGGRESSIVE;
				CLANG_WARN_UNREACHABLE_CODE = YES;
				CLANG_WARN__DUPLICATE_METHOD_MATCH = YES;
				COPY_PHASE_STRIP = NO;
				DEBUG_INFORMATION_FORMAT = dwarf;
				ENABLE_STRICT_OBJC_MSGSEND = YES;
				ENABLE_TESTABILITY = YES;
				GCC_C_LANGUAGE_STANDARD = gnu11;
				GCC_DYNAMIC_NO_PIC = NO;
				GCC_NO_COMMON_BLOCKS = YES;
				GCC_OPTIMIZATION_LEVEL = 0;
				GCC_PREPROCESSOR_DEFINITIONS = (
					"DEBUG=1",
					"$(inherited)",
				);
				GCC_WARN_64_TO_32_BIT_CONVERSION = YES;
				GCC_WARN_ABOUT_RETURN_TYPE = YES_ERROR;
				GCC_WARN_UNDECLARED_SELECTOR = YES;
				GCC_WARN_UNINITIALIZED_AUTOS = YES_AGGRESSIVE;
				GCC_WARN_UNUSED_FUNCTION = YES;
				GCC_WARN_UNUSED_VARIABLE = YES;
				IPHONEOS_DEPLOYMENT_TARGET = 16.1;
				MTL_ENABLE_DEBUG_INFO = INCLUDE_SOURCE;
				MTL_FAST_MATH = YES;
				ONLY_ACTIVE_ARCH = YES;
				SDKROOT = iphoneos;
				SWIFT_ACTIVE_COMPILATION_CONDITIONS = DEBUG;
				SWIFT_OPTIMIZATION_LEVEL = "-Onone";
			};
			name = Debug;
		};
		5C551B70292B404300202A4D /* Release */ = {
			isa = XCBuildConfiguration;
			buildSettings = {
				ALWAYS_SEARCH_USER_PATHS = NO;
				CLANG_ANALYZER_NONNULL = YES;
				CLANG_ANALYZER_NUMBER_OBJECT_CONVERSION = YES_AGGRESSIVE;
				CLANG_CXX_LANGUAGE_STANDARD = "gnu++20";
				CLANG_ENABLE_MODULES = YES;
				CLANG_ENABLE_OBJC_ARC = YES;
				CLANG_ENABLE_OBJC_WEAK = YES;
				CLANG_WARN_BLOCK_CAPTURE_AUTORELEASING = YES;
				CLANG_WARN_BOOL_CONVERSION = YES;
				CLANG_WARN_COMMA = YES;
				CLANG_WARN_CONSTANT_CONVERSION = YES;
				CLANG_WARN_DEPRECATED_OBJC_IMPLEMENTATIONS = YES;
				CLANG_WARN_DIRECT_OBJC_ISA_USAGE = YES_ERROR;
				CLANG_WARN_DOCUMENTATION_COMMENTS = YES;
				CLANG_WARN_EMPTY_BODY = YES;
				CLANG_WARN_ENUM_CONVERSION = YES;
				CLANG_WARN_INFINITE_RECURSION = YES;
				CLANG_WARN_INT_CONVERSION = YES;
				CLANG_WARN_NON_LITERAL_NULL_CONVERSION = YES;
				CLANG_WARN_OBJC_IMPLICIT_RETAIN_SELF = YES;
				CLANG_WARN_OBJC_LITERAL_CONVERSION = YES;
				CLANG_WARN_OBJC_ROOT_CLASS = YES_ERROR;
				CLANG_WARN_QUOTED_INCLUDE_IN_FRAMEWORK_HEADER = YES;
				CLANG_WARN_RANGE_LOOP_ANALYSIS = YES;
				CLANG_WARN_STRICT_PROTOTYPES = YES;
				CLANG_WARN_SUSPICIOUS_MOVE = YES;
				CLANG_WARN_UNGUARDED_AVAILABILITY = YES_AGGRESSIVE;
				CLANG_WARN_UNREACHABLE_CODE = YES;
				CLANG_WARN__DUPLICATE_METHOD_MATCH = YES;
				COPY_PHASE_STRIP = NO;
				DEBUG_INFORMATION_FORMAT = "dwarf-with-dsym";
				ENABLE_NS_ASSERTIONS = NO;
				ENABLE_STRICT_OBJC_MSGSEND = YES;
				GCC_C_LANGUAGE_STANDARD = gnu11;
				GCC_NO_COMMON_BLOCKS = YES;
				GCC_WARN_64_TO_32_BIT_CONVERSION = YES;
				GCC_WARN_ABOUT_RETURN_TYPE = YES_ERROR;
				GCC_WARN_UNDECLARED_SELECTOR = YES;
				GCC_WARN_UNINITIALIZED_AUTOS = YES_AGGRESSIVE;
				GCC_WARN_UNUSED_FUNCTION = YES;
				GCC_WARN_UNUSED_VARIABLE = YES;
				IPHONEOS_DEPLOYMENT_TARGET = 16.1;
				MTL_ENABLE_DEBUG_INFO = NO;
				MTL_FAST_MATH = YES;
				SDKROOT = iphoneos;
				SWIFT_COMPILATION_MODE = wholemodule;
				SWIFT_OPTIMIZATION_LEVEL = "-O";
				VALIDATE_PRODUCT = YES;
			};
			name = Release;
		};
		5C551B72292B404300202A4D /* Debug */ = {
			isa = XCBuildConfiguration;
			baseConfigurationReference = 2813DAEA30676706732EF822 /* Pods-StocksAppReplica.debug.xcconfig */;
			buildSettings = {
				ASSETCATALOG_COMPILER_APPICON_NAME = AppIcon;
				ASSETCATALOG_COMPILER_GLOBAL_ACCENT_COLOR_NAME = AccentColor;
				CODE_SIGN_STYLE = Automatic;
				CURRENT_PROJECT_VERSION = 1;
				DEVELOPMENT_TEAM = 98YQ7MXK2M;
				GENERATE_INFOPLIST_FILE = YES;
				INFOPLIST_FILE = StocksAppReplica/Info.plist;
				INFOPLIST_KEY_UIApplicationSupportsIndirectInputEvents = YES;
				INFOPLIST_KEY_UILaunchStoryboardName = LaunchScreen;
				INFOPLIST_KEY_UISupportedInterfaceOrientations_iPad = "UIInterfaceOrientationPortrait UIInterfaceOrientationPortraitUpsideDown UIInterfaceOrientationLandscapeLeft UIInterfaceOrientationLandscapeRight";
				INFOPLIST_KEY_UISupportedInterfaceOrientations_iPhone = "UIInterfaceOrientationPortrait UIInterfaceOrientationLandscapeLeft UIInterfaceOrientationLandscapeRight";
				IPHONEOS_DEPLOYMENT_TARGET = 15.4;
				LD_RUNPATH_SEARCH_PATHS = (
					"$(inherited)",
					"@executable_path/Frameworks",
				);
				MARKETING_VERSION = 1.0;
				PRODUCT_BUNDLE_IDENTIFIER = ArtOz.StocksAppReplica;
				PRODUCT_NAME = "$(TARGET_NAME)";
				SUPPORTED_PLATFORMS = "iphoneos iphonesimulator";
				SUPPORTS_MACCATALYST = NO;
				SUPPORTS_MAC_DESIGNED_FOR_IPHONE_IPAD = NO;
				SWIFT_EMIT_LOC_STRINGS = YES;
				SWIFT_VERSION = 5.0;
				TARGETED_DEVICE_FAMILY = 1;
			};
			name = Debug;
		};
		5C551B73292B404300202A4D /* Release */ = {
			isa = XCBuildConfiguration;
			baseConfigurationReference = 5F38A688181BC9BF8B648DCF /* Pods-StocksAppReplica.release.xcconfig */;
			buildSettings = {
				ASSETCATALOG_COMPILER_APPICON_NAME = AppIcon;
				ASSETCATALOG_COMPILER_GLOBAL_ACCENT_COLOR_NAME = AccentColor;
				CODE_SIGN_STYLE = Automatic;
				CURRENT_PROJECT_VERSION = 1;
				DEVELOPMENT_TEAM = 98YQ7MXK2M;
				GENERATE_INFOPLIST_FILE = YES;
				INFOPLIST_FILE = StocksAppReplica/Info.plist;
				INFOPLIST_KEY_UIApplicationSupportsIndirectInputEvents = YES;
				INFOPLIST_KEY_UILaunchStoryboardName = LaunchScreen;
				INFOPLIST_KEY_UISupportedInterfaceOrientations_iPad = "UIInterfaceOrientationPortrait UIInterfaceOrientationPortraitUpsideDown UIInterfaceOrientationLandscapeLeft UIInterfaceOrientationLandscapeRight";
				INFOPLIST_KEY_UISupportedInterfaceOrientations_iPhone = "UIInterfaceOrientationPortrait UIInterfaceOrientationLandscapeLeft UIInterfaceOrientationLandscapeRight";
				IPHONEOS_DEPLOYMENT_TARGET = 15.4;
				LD_RUNPATH_SEARCH_PATHS = (
					"$(inherited)",
					"@executable_path/Frameworks",
				);
				MARKETING_VERSION = 1.0;
				PRODUCT_BUNDLE_IDENTIFIER = ArtOz.StocksAppReplica;
				PRODUCT_NAME = "$(TARGET_NAME)";
				SUPPORTED_PLATFORMS = "iphoneos iphonesimulator";
				SUPPORTS_MACCATALYST = NO;
				SUPPORTS_MAC_DESIGNED_FOR_IPHONE_IPAD = NO;
				SWIFT_EMIT_LOC_STRINGS = YES;
				SWIFT_VERSION = 5.0;
				TARGETED_DEVICE_FAMILY = 1;
			};
			name = Release;
		};
/* End XCBuildConfiguration section */

/* Begin XCConfigurationList section */
		5C551B58292B404000202A4D /* Build configuration list for PBXProject "StocksAppReplica" */ = {
			isa = XCConfigurationList;
			buildConfigurations = (
				5C551B6F292B404300202A4D /* Debug */,
				5C551B70292B404300202A4D /* Release */,
			);
			defaultConfigurationIsVisible = 0;
			defaultConfigurationName = Release;
		};
		5C551B71292B404300202A4D /* Build configuration list for PBXNativeTarget "StocksAppReplica" */ = {
			isa = XCConfigurationList;
			buildConfigurations = (
				5C551B72292B404300202A4D /* Debug */,
				5C551B73292B404300202A4D /* Release */,
			);
			defaultConfigurationIsVisible = 0;
			defaultConfigurationName = Release;
		};
/* End XCConfigurationList section */
	};
	rootObject = 5C551B55292B404000202A4D /* Project object */;
}
